
Microsoft Visual Studio Solution File, Format Version 12.00
# Visual Studio 15
VisualStudioVersion = 15.0.27703.2035
MinimumVisualStudioVersion = 10.0.40219.1
Project("{FAE04EC0-301F-11D3-BF4B-00C04F79EFBC}") = "Fiap03.Web.MVC", "Fiap03.Web.MVC\Fiap03.Web.MVC.csproj", "{DA8D821A-6372-4BF5-AD10-E7477B1485F0}"
EndProject
Project("{00D1A9C2-B5F0-4AF3-8072-F6C62B433612}") = "Fiap03.Banco", "Fiap03.Banco\Fiap03.Banco.sqlproj", "{3D6F945F-FCDA-4DDA-832F-4D89D5C8F490}"
EndProject
Global
	GlobalSection(SolutionConfigurationPlatforms) = preSolution
		Debug|Any CPU = Debug|Any CPU
		Release|Any CPU = Release|Any CPU
	EndGlobalSection
	GlobalSection(ProjectConfigurationPlatforms) = postSolution
		{DA8D821A-6372-4BF5-AD10-E7477B1485F0}.Debug|Any CPU.ActiveCfg = Debug|Any CPU
		{DA8D821A-6372-4BF5-AD10-E7477B1485F0}.Debug|Any CPU.Build.0 = Debug|Any CPU
		{DA8D821A-6372-4BF5-AD10-E7477B1485F0}.Release|Any CPU.ActiveCfg = Release|Any CPU
		{DA8D821A-6372-4BF5-AD10-E7477B1485F0}.Release|Any CPU.Build.0 = Release|Any CPU
		{3D6F945F-FCDA-4DDA-832F-4D89D5C8F490}.Debug|Any CPU.ActiveCfg = Debug|Any CPU
		{3D6F945F-FCDA-4DDA-832F-4D89D5C8F490}.Debug|Any CPU.Build.0 = Debug|Any CPU
		{3D6F945F-FCDA-4DDA-832F-4D89D5C8F490}.Debug|Any CPU.Deploy.0 = Debug|Any CPU
		{3D6F945F-FCDA-4DDA-832F-4D89D5C8F490}.Release|Any CPU.ActiveCfg = Release|Any CPU
		{3D6F945F-FCDA-4DDA-832F-4D89D5C8F490}.Release|Any CPU.Build.0 = Release|Any CPU
		{3D6F945F-FCDA-4DDA-832F-4D89D5C8F490}.Release|Any CPU.Deploy.0 = Release|Any CPU
	EndGlobalSection
	GlobalSection(SolutionProperties) = preSolution
		HideSolutionNode = FALSE
	EndGlobalSection
	GlobalSection(ExtensibilityGlobals) = postSolution
		SolutionGuid = {613A92D1-3A1B-4C44-B6E8-436C3B4F45A8}
	EndGlobalSection
EndGlobal
